
Microsoft Visual Studio Solution File, Format Version 12.00
# Visual Studio Version 17
VisualStudioVersion = 17.6.33815.320
MinimumVisualStudioVersion = 10.0.40219.1
Project("{FAE04EC0-301F-11D3-BF4B-00C04F79EFBC}") = "Conapp enum", "Conapp enum\Conapp enum.csproj", "{A43556F3-22E2-4563-8649-AD50C59038F9}"
EndProject
Global
	GlobalSection(SolutionConfigurationPlatforms) = preSolution
		Debug|Any CPU = Debug|Any CPU
		Release|Any CPU = Release|Any CPU
	EndGlobalSection
	GlobalSection(ProjectConfigurationPlatforms) = postSolution
		{A43556F3-22E2-4563-8649-AD50C59038F9}.Debug|Any CPU.ActiveCfg = Debug|Any CPU
		{A43556F3-22E2-4563-8649-AD50C59038F9}.Debug|Any CPU.Build.0 = Debug|Any CPU
		{A43556F3-22E2-4563-8649-AD50C59038F9}.Release|Any CPU.ActiveCfg = Release|Any CPU
		{A43556F3-22E2-4563-8649-AD50C59038F9}.Release|Any CPU.Build.0 = Release|Any CPU
	EndGlobalSection
	GlobalSection(SolutionProperties) = preSolution
		HideSolutionNode = FALSE
	EndGlobalSection
	GlobalSection(ExtensibilityGlobals) = postSolution
		SolutionGuid = {2DB5B353-CE11-4FE9-8623-E6B1E1F271FD}
	EndGlobalSection
EndGlobal
